
Microsoft Visual Studio Solution File, Format Version 12.00
# Visual Studio Version 17
VisualStudioVersion = 17.11.35327.3
MinimumVisualStudioVersion = 10.0.40219.1
Project("{FAE04EC0-301F-11D3-BF4B-00C04F79EFBC}") = "bài6", "bài6.csproj", "{8D090D55-21D4-4E35-A17A-9516F740BB42}"
EndProject
Global
	GlobalSection(SolutionConfigurationPlatforms) = preSolution
		Debug|Any CPU = Debug|Any CPU
		Release|Any CPU = Release|Any CPU
	EndGlobalSection
	GlobalSection(ProjectConfigurationPlatforms) = postSolution
		{8D090D55-21D4-4E35-A17A-9516F740BB42}.Debug|Any CPU.ActiveCfg = Debug|Any CPU
		{8D090D55-21D4-4E35-A17A-9516F740BB42}.Debug|Any CPU.Build.0 = Debug|Any CPU
		{8D090D55-21D4-4E35-A17A-9516F740BB42}.Release|Any CPU.ActiveCfg = Release|Any CPU
		{8D090D55-21D4-4E35-A17A-9516F740BB42}.Release|Any CPU.Build.0 = Release|Any CPU
	EndGlobalSection
	GlobalSection(SolutionProperties) = preSolution
		HideSolutionNode = FALSE
	EndGlobalSection
	GlobalSection(ExtensibilityGlobals) = postSolution
		SolutionGuid = {38B41B89-5D7D-4BC4-B058-34904C52FA1D}
	EndGlobalSection
EndGlobal
